
Microsoft Visual Studio Solution File, Format Version 12.00
# Visual Studio Version 17
VisualStudioVersion = 17.0.31903.59
MinimumVisualStudioVersion = 10.0.40219.1
Project("{2150E333-8FDC-42A3-9474-1A3956D46DE8}") = "Services", "Services", "{8AFD6BF3-792E-4FE4-8316-0B649BDC2938}"
EndProject
Project("{2150E333-8FDC-42A3-9474-1A3956D46DE8}") = "Catalog", "Catalog", "{71F4CB22-0021-45EA-990D-F6A6AA8B089B}"
EndProject
Project("{9A19103F-16F7-4668-BE54-9A1E7A4F7556}") = "Catalog.API", "Services\Catalog\Catalog.API\Catalog.API.csproj", "{39D2D360-BED2-4277-930D-D37B0A3FD5A0}"
EndProject
Project("{E53339B2-1760-4266-BCC7-CA923CBCF16C}") = "docker-compose", "docker-compose.dcproj", "{01FBB59C-6D1A-4826-BE6E-ECF5E1C9D2E6}"
EndProject
Project("{2150E333-8FDC-42A3-9474-1A3956D46DE8}") = "Basket", "Basket", "{2979458B-55C5-4796-97F4-49A8EFCADB7A}"
EndProject
Project("{9A19103F-16F7-4668-BE54-9A1E7A4F7556}") = "Basket.API", "Services\Basket\Basket.API\Basket.API.csproj", "{DB92781F-236E-49BD-B688-3658D4F54214}"
EndProject
Project("{2150E333-8FDC-42A3-9474-1A3956D46DE8}") = "Discount", "Discount", "{560DB723-ADC8-465B-98E5-0F0CB50DE841}"
EndProject
Project("{9A19103F-16F7-4668-BE54-9A1E7A4F7556}") = "Discount.API", "Services\Discount\Discount.API\Discount.API.csproj", "{104C7241-E804-4DFA-8BFC-96DC112FEC69}"
EndProject
Project("{9A19103F-16F7-4668-BE54-9A1E7A4F7556}") = "Discount.Grpc", "Services\Discount\Discount.Grpc\Discount.Grpc.csproj", "{FFADEFF2-CA36-4D5E-8687-6102B6C49D43}"
EndProject
Project("{9A19103F-16F7-4668-BE54-9A1E7A4F7556}") = "Infrastructure", "Services\Discount\Infrastructure\Infrastructure.csproj", "{C4D38C38-CDFB-4E82-9769-2F8194BF48D0}"
EndProject
Project("{2150E333-8FDC-42A3-9474-1A3956D46DE8}") = "Ordering", "Ordering", "{0D5F34A1-13FD-43B2-BC7E-DC26A1A4C877}"
EndProject
Project("{9A19103F-16F7-4668-BE54-9A1E7A4F7556}") = "Ordering.API", "Services\Ordering\Ordering.API\Ordering.API.csproj", "{363C60D7-01D9-46DF-BECE-449BCCBB01DC}"
EndProject
Project("{9A19103F-16F7-4668-BE54-9A1E7A4F7556}") = "Ordering.Domain", "Services\Ordering\Ordering.Domain\Ordering.Domain.csproj", "{2E9B5CEF-3BED-468E-AE7D-695B79D65F68}"
EndProject
Project("{9A19103F-16F7-4668-BE54-9A1E7A4F7556}") = "Ordering.Application", "Services\Ordering\Ordering.Application\Ordering.Application.csproj", "{D5BC0A43-4755-41DB-A955-B16F3B8AE876}"
EndProject
Project("{9A19103F-16F7-4668-BE54-9A1E7A4F7556}") = "Ordering.Infrastructure", "Services\Ordering\Ordering.Infrastructure\Ordering.Infrastructure.csproj", "{4777A277-12FA-4D22-B038-D38051E7954B}"
EndProject
Project("{2150E333-8FDC-42A3-9474-1A3956D46DE8}") = "BuildingBlocks", "BuildingBlocks", "{00564325-8DD1-45A7-B752-7368A3612B7A}"
EndProject
Project("{9A19103F-16F7-4668-BE54-9A1E7A4F7556}") = "EventBus.Messages", "BuildingBlocks\EventBus.Messages\EventBus.Messages.csproj", "{D8EA1D74-8288-4AF3-B41A-22002657F962}"
EndProject
Project("{2150E333-8FDC-42A3-9474-1A3956D46DE8}") = "ApiGateways", "ApiGateways", "{41086597-CA4E-411E-A5A4-D14A3C09CBC6}"
EndProject
Project("{9A19103F-16F7-4668-BE54-9A1E7A4F7556}") = "OcelotApiGateway", "ApiGateways\OcelotApiGateway\OcelotApiGateway.csproj", "{FFF67DED-1929-4E26-907A-207BC435E24C}"
EndProject
Project("{FAE04EC0-301F-11D3-BF4B-00C04F79EFBC}") = "Shopping.Aggregator", "ApiGateways\Shopping.Aggregator\Shopping.Aggregator.csproj", "{ECC404C0-065F-4FE4-93C6-12C69FEB6954}"
EndProject
Global
	GlobalSection(SolutionConfigurationPlatforms) = preSolution
		Debug|Any CPU = Debug|Any CPU
		Release|Any CPU = Release|Any CPU
	EndGlobalSection
	GlobalSection(ProjectConfigurationPlatforms) = postSolution
		{39D2D360-BED2-4277-930D-D37B0A3FD5A0}.Debug|Any CPU.ActiveCfg = Debug|Any CPU
		{39D2D360-BED2-4277-930D-D37B0A3FD5A0}.Debug|Any CPU.Build.0 = Debug|Any CPU
		{39D2D360-BED2-4277-930D-D37B0A3FD5A0}.Release|Any CPU.ActiveCfg = Release|Any CPU
		{39D2D360-BED2-4277-930D-D37B0A3FD5A0}.Release|Any CPU.Build.0 = Release|Any CPU
		{01FBB59C-6D1A-4826-BE6E-ECF5E1C9D2E6}.Debug|Any CPU.ActiveCfg = Debug|Any CPU
		{01FBB59C-6D1A-4826-BE6E-ECF5E1C9D2E6}.Debug|Any CPU.Build.0 = Debug|Any CPU
		{01FBB59C-6D1A-4826-BE6E-ECF5E1C9D2E6}.Release|Any CPU.ActiveCfg = Release|Any CPU
		{01FBB59C-6D1A-4826-BE6E-ECF5E1C9D2E6}.Release|Any CPU.Build.0 = Release|Any CPU
		{DB92781F-236E-49BD-B688-3658D4F54214}.Debug|Any CPU.ActiveCfg = Debug|Any CPU
		{DB92781F-236E-49BD-B688-3658D4F54214}.Debug|Any CPU.Build.0 = Debug|Any CPU
		{DB92781F-236E-49BD-B688-3658D4F54214}.Release|Any CPU.ActiveCfg = Release|Any CPU
		{DB92781F-236E-49BD-B688-3658D4F54214}.Release|Any CPU.Build.0 = Release|Any CPU
		{104C7241-E804-4DFA-8BFC-96DC112FEC69}.Debug|Any CPU.ActiveCfg = Debug|Any CPU
		{104C7241-E804-4DFA-8BFC-96DC112FEC69}.Debug|Any CPU.Build.0 = Debug|Any CPU
		{104C7241-E804-4DFA-8BFC-96DC112FEC69}.Release|Any CPU.ActiveCfg = Release|Any CPU
		{104C7241-E804-4DFA-8BFC-96DC112FEC69}.Release|Any CPU.Build.0 = Release|Any CPU
		{FFADEFF2-CA36-4D5E-8687-6102B6C49D43}.Debug|Any CPU.ActiveCfg = Debug|Any CPU
		{FFADEFF2-CA36-4D5E-8687-6102B6C49D43}.Debug|Any CPU.Build.0 = Debug|Any CPU
		{FFADEFF2-CA36-4D5E-8687-6102B6C49D43}.Release|Any CPU.ActiveCfg = Release|Any CPU
		{FFADEFF2-CA36-4D5E-8687-6102B6C49D43}.Release|Any CPU.Build.0 = Release|Any CPU
		{C4D38C38-CDFB-4E82-9769-2F8194BF48D0}.Debug|Any CPU.ActiveCfg = Debug|Any CPU
		{C4D38C38-CDFB-4E82-9769-2F8194BF48D0}.Debug|Any CPU.Build.0 = Debug|Any CPU
		{C4D38C38-CDFB-4E82-9769-2F8194BF48D0}.Release|Any CPU.ActiveCfg = Release|Any CPU
		{C4D38C38-CDFB-4E82-9769-2F8194BF48D0}.Release|Any CPU.Build.0 = Release|Any CPU
		{363C60D7-01D9-46DF-BECE-449BCCBB01DC}.Debug|Any CPU.ActiveCfg = Debug|Any CPU
		{363C60D7-01D9-46DF-BECE-449BCCBB01DC}.Debug|Any CPU.Build.0 = Debug|Any CPU
		{363C60D7-01D9-46DF-BECE-449BCCBB01DC}.Release|Any CPU.ActiveCfg = Release|Any CPU
		{363C60D7-01D9-46DF-BECE-449BCCBB01DC}.Release|Any CPU.Build.0 = Release|Any CPU
		{2E9B5CEF-3BED-468E-AE7D-695B79D65F68}.Debug|Any CPU.ActiveCfg = Debug|Any CPU
		{2E9B5CEF-3BED-468E-AE7D-695B79D65F68}.Debug|Any CPU.Build.0 = Debug|Any CPU
		{2E9B5CEF-3BED-468E-AE7D-695B79D65F68}.Release|Any CPU.ActiveCfg = Release|Any CPU
		{2E9B5CEF-3BED-468E-AE7D-695B79D65F68}.Release|Any CPU.Build.0 = Release|Any CPU
		{D5BC0A43-4755-41DB-A955-B16F3B8AE876}.Debug|Any CPU.ActiveCfg = Debug|Any CPU
		{D5BC0A43-4755-41DB-A955-B16F3B8AE876}.Debug|Any CPU.Build.0 = Debug|Any CPU
		{D5BC0A43-4755-41DB-A955-B16F3B8AE876}.Release|Any CPU.ActiveCfg = Release|Any CPU
		{D5BC0A43-4755-41DB-A955-B16F3B8AE876}.Release|Any CPU.Build.0 = Release|Any CPU
		{4777A277-12FA-4D22-B038-D38051E7954B}.Debug|Any CPU.ActiveCfg = Debug|Any CPU
		{4777A277-12FA-4D22-B038-D38051E7954B}.Debug|Any CPU.Build.0 = Debug|Any CPU
		{4777A277-12FA-4D22-B038-D38051E7954B}.Release|Any CPU.ActiveCfg = Release|Any CPU
		{4777A277-12FA-4D22-B038-D38051E7954B}.Release|Any CPU.Build.0 = Release|Any CPU
		{D8EA1D74-8288-4AF3-B41A-22002657F962}.Debug|Any CPU.ActiveCfg = Debug|Any CPU
		{D8EA1D74-8288-4AF3-B41A-22002657F962}.Debug|Any CPU.Build.0 = Debug|Any CPU
		{D8EA1D74-8288-4AF3-B41A-22002657F962}.Release|Any CPU.ActiveCfg = Release|Any CPU
		{D8EA1D74-8288-4AF3-B41A-22002657F962}.Release|Any CPU.Build.0 = Release|Any CPU
		{FFF67DED-1929-4E26-907A-207BC435E24C}.Debug|Any CPU.ActiveCfg = Debug|Any CPU
		{FFF67DED-1929-4E26-907A-207BC435E24C}.Debug|Any CPU.Build.0 = Debug|Any CPU
		{FFF67DED-1929-4E26-907A-207BC435E24C}.Release|Any CPU.ActiveCfg = Release|Any CPU
		{FFF67DED-1929-4E26-907A-207BC435E24C}.Release|Any CPU.Build.0 = Release|Any CPU
		{ECC404C0-065F-4FE4-93C6-12C69FEB6954}.Debug|Any CPU.ActiveCfg = Debug|Any CPU
		{ECC404C0-065F-4FE4-93C6-12C69FEB6954}.Debug|Any CPU.Build.0 = Debug|Any CPU
		{ECC404C0-065F-4FE4-93C6-12C69FEB6954}.Release|Any CPU.ActiveCfg = Release|Any CPU
		{ECC404C0-065F-4FE4-93C6-12C69FEB6954}.Release|Any CPU.Build.0 = Release|Any CPU
	EndGlobalSection
	GlobalSection(SolutionProperties) = preSolution
		HideSolutionNode = FALSE
	EndGlobalSection
	GlobalSection(NestedProjects) = preSolution
		{71F4CB22-0021-45EA-990D-F6A6AA8B089B} = {8AFD6BF3-792E-4FE4-8316-0B649BDC2938}
		{39D2D360-BED2-4277-930D-D37B0A3FD5A0} = {71F4CB22-0021-45EA-990D-F6A6AA8B089B}
		{2979458B-55C5-4796-97F4-49A8EFCADB7A} = {8AFD6BF3-792E-4FE4-8316-0B649BDC2938}
		{DB92781F-236E-49BD-B688-3658D4F54214} = {2979458B-55C5-4796-97F4-49A8EFCADB7A}
		{560DB723-ADC8-465B-98E5-0F0CB50DE841} = {8AFD6BF3-792E-4FE4-8316-0B649BDC2938}
		{104C7241-E804-4DFA-8BFC-96DC112FEC69} = {560DB723-ADC8-465B-98E5-0F0CB50DE841}
		{FFADEFF2-CA36-4D5E-8687-6102B6C49D43} = {560DB723-ADC8-465B-98E5-0F0CB50DE841}
		{C4D38C38-CDFB-4E82-9769-2F8194BF48D0} = {560DB723-ADC8-465B-98E5-0F0CB50DE841}
		{0D5F34A1-13FD-43B2-BC7E-DC26A1A4C877} = {8AFD6BF3-792E-4FE4-8316-0B649BDC2938}
		{363C60D7-01D9-46DF-BECE-449BCCBB01DC} = {0D5F34A1-13FD-43B2-BC7E-DC26A1A4C877}
		{2E9B5CEF-3BED-468E-AE7D-695B79D65F68} = {0D5F34A1-13FD-43B2-BC7E-DC26A1A4C877}
		{D5BC0A43-4755-41DB-A955-B16F3B8AE876} = {0D5F34A1-13FD-43B2-BC7E-DC26A1A4C877}
		{4777A277-12FA-4D22-B038-D38051E7954B} = {0D5F34A1-13FD-43B2-BC7E-DC26A1A4C877}
		{D8EA1D74-8288-4AF3-B41A-22002657F962} = {00564325-8DD1-45A7-B752-7368A3612B7A}
		{FFF67DED-1929-4E26-907A-207BC435E24C} = {41086597-CA4E-411E-A5A4-D14A3C09CBC6}
		{ECC404C0-065F-4FE4-93C6-12C69FEB6954} = {41086597-CA4E-411E-A5A4-D14A3C09CBC6}
	EndGlobalSection
	GlobalSection(ExtensibilityGlobals) = postSolution
		SolutionGuid = {353F4653-C772-4E23-9044-1BF1E009FA92}
	EndGlobalSection
EndGlobal
